{
    "name": "@port-labs/jq-wasm",
    "version": "v0.0.1",
    "lockfileVersion": 2,
    "requires": true,
    "packages": {
        "": {
            "name": "@port-labs/jq-wasm",
            "version": "v0.0.1",
            "hasInstallScript": true,
            "license": "MIT",
            "engines": {
                "node": ">=6.0.0"
            }
        }
    }
}
